
Microsoft Visual Studio Solution File, Format Version 11.00
# Visual Studio 2010
Project("{FAE04EC0-301F-11D3-BF4B-00C04F79EFBC}") = "Assembly-CSharp", "Assembly-CSharp.csproj", "{252c5783-70f1-5a39-f42d-6d17edb6385e}"
EndProject
Project("{FAE04EC0-301F-11D3-BF4B-00C04F79EFBC}") = "Assembly-CSharp-Editor", "Assembly-CSharp-Editor.csproj", "{0c6771ae-da23-6b1a-3a0f-2634aa1af3b2}"
EndProject
Global
	GlobalSection(SolutionConfigurationPlatforms) = preSolution
		Debug|Any CPU = Debug|Any CPU
	EndGlobalSection
	GlobalSection(ProjectConfigurationPlatforms) = postSolution
		{252c5783-70f1-5a39-f42d-6d17edb6385e}.Debug|Any CPU.ActiveCfg = Debug|Any CPU
		{252c5783-70f1-5a39-f42d-6d17edb6385e}.Debug|Any CPU.Build.0 = Debug|Any CPU
		{0c6771ae-da23-6b1a-3a0f-2634aa1af3b2}.Debug|Any CPU.ActiveCfg = Debug|Any CPU
		{0c6771ae-da23-6b1a-3a0f-2634aa1af3b2}.Debug|Any CPU.Build.0 = Debug|Any CPU
	EndGlobalSection
	GlobalSection(SolutionProperties) = preSolution
		HideSolutionNode = FALSE
	EndGlobalSection
EndGlobal
